
Microsoft Visual Studio Solution File, Format Version 12.00
# Visual Studio Express 15 for Windows Desktop
VisualStudioVersion = 15.0.28307.757
MinimumVisualStudioVersion = 10.0.40219.1
Project("{FAE04EC0-301F-11D3-BF4B-00C04F79EFBC}") = "CheckOddType", "CheckOddType\CheckOddType.csproj", "{5E822153-5D30-4744-8E19-800B7BAE012A}"
EndProject
Global
	GlobalSection(SolutionConfigurationPlatforms) = preSolution
		Debug|Any CPU = Debug|Any CPU
		Release|Any CPU = Release|Any CPU
	EndGlobalSection
	GlobalSection(ProjectConfigurationPlatforms) = postSolution
		{5E822153-5D30-4744-8E19-800B7BAE012A}.Debug|Any CPU.ActiveCfg = Debug|Any CPU
		{5E822153-5D30-4744-8E19-800B7BAE012A}.Debug|Any CPU.Build.0 = Debug|Any CPU
		{5E822153-5D30-4744-8E19-800B7BAE012A}.Release|Any CPU.ActiveCfg = Release|Any CPU
		{5E822153-5D30-4744-8E19-800B7BAE012A}.Release|Any CPU.Build.0 = Release|Any CPU
	EndGlobalSection
	GlobalSection(SolutionProperties) = preSolution
		HideSolutionNode = FALSE
	EndGlobalSection
	GlobalSection(ExtensibilityGlobals) = postSolution
		SolutionGuid = {E7DCAA02-17E8-4A1E-A15B-DCAB6BC3987E}
	EndGlobalSection
EndGlobal
